
Microsoft Visual Studio Solution File, Format Version 12.00
# Visual Studio Version 16
VisualStudioVersion = 16.0.32228.343
MinimumVisualStudioVersion = 10.0.40219.1
Project("{FAE04EC0-301F-11D3-BF4B-00C04F79EFBC}") = "AppWeb", "AppWeb\AppWeb.csproj", "{BC1B1B75-3CF7-4AE4-A207-936E1C567338}"
EndProject
Global
	GlobalSection(SolutionConfigurationPlatforms) = preSolution
		Debug|Any CPU = Debug|Any CPU
		Release|Any CPU = Release|Any CPU
	EndGlobalSection
	GlobalSection(ProjectConfigurationPlatforms) = postSolution
		{BC1B1B75-3CF7-4AE4-A207-936E1C567338}.Debug|Any CPU.ActiveCfg = Debug|Any CPU
		{BC1B1B75-3CF7-4AE4-A207-936E1C567338}.Debug|Any CPU.Build.0 = Debug|Any CPU
		{BC1B1B75-3CF7-4AE4-A207-936E1C567338}.Release|Any CPU.ActiveCfg = Release|Any CPU
		{BC1B1B75-3CF7-4AE4-A207-936E1C567338}.Release|Any CPU.Build.0 = Release|Any CPU
	EndGlobalSection
	GlobalSection(SolutionProperties) = preSolution
		HideSolutionNode = FALSE
	EndGlobalSection
	GlobalSection(ExtensibilityGlobals) = postSolution
		SolutionGuid = {88CCAC8A-1B5A-44DD-8E2C-3062BAEFDBB5}
	EndGlobalSection
EndGlobal
